
Microsoft Visual Studio Solution File, Format Version 12.00
# Visual Studio Version 17
VisualStudioVersion = 17.0.31903.59
MinimumVisualStudioVersion = 10.0.40219.1
Project("{2150E333-8FDC-42A3-9474-1A3956D46DE8}") = "src", "src", "{FE2D64FC-9998-4779-ADAE-D43EECCE3580}"
EndProject
Project("{FAE04EC0-301F-11D3-BF4B-00C04F79EFBC}") = "FluentValidationCLI.Generator", "src\FluentValidationCLI.Generator\FluentValidationCLI.Generator.csproj", "{2F42C06E-A50E-4635-801A-2878BBFC27A9}"
EndProject
Project("{FAE04EC0-301F-11D3-BF4B-00C04F79EFBC}") = "FluentValidationCLI.Backend", "src\FluentValidationCLI.Backend\FluentValidationCLI.Backend.csproj", "{8A2F1EDC-D6BD-496B-AA56-E82948AED463}"
EndProject
Global
	GlobalSection(SolutionConfigurationPlatforms) = preSolution
		Debug|Any CPU = Debug|Any CPU
		Release|Any CPU = Release|Any CPU
	EndGlobalSection
	GlobalSection(SolutionProperties) = preSolution
		HideSolutionNode = FALSE
	EndGlobalSection
	GlobalSection(ProjectConfigurationPlatforms) = postSolution
		{2F42C06E-A50E-4635-801A-2878BBFC27A9}.Debug|Any CPU.ActiveCfg = Debug|Any CPU
		{2F42C06E-A50E-4635-801A-2878BBFC27A9}.Debug|Any CPU.Build.0 = Debug|Any CPU
		{2F42C06E-A50E-4635-801A-2878BBFC27A9}.Release|Any CPU.ActiveCfg = Release|Any CPU
		{2F42C06E-A50E-4635-801A-2878BBFC27A9}.Release|Any CPU.Build.0 = Release|Any CPU
		{8A2F1EDC-D6BD-496B-AA56-E82948AED463}.Debug|Any CPU.ActiveCfg = Debug|Any CPU
		{8A2F1EDC-D6BD-496B-AA56-E82948AED463}.Debug|Any CPU.Build.0 = Debug|Any CPU
		{8A2F1EDC-D6BD-496B-AA56-E82948AED463}.Release|Any CPU.ActiveCfg = Release|Any CPU
		{8A2F1EDC-D6BD-496B-AA56-E82948AED463}.Release|Any CPU.Build.0 = Release|Any CPU
	EndGlobalSection
	GlobalSection(NestedProjects) = preSolution
		{2F42C06E-A50E-4635-801A-2878BBFC27A9} = {FE2D64FC-9998-4779-ADAE-D43EECCE3580}
		{8A2F1EDC-D6BD-496B-AA56-E82948AED463} = {FE2D64FC-9998-4779-ADAE-D43EECCE3580}
	EndGlobalSection
EndGlobal
